
Microsoft Visual Studio Solution File, Format Version 12.00
# Visual Studio Version 16
VisualStudioVersion = 16.0.29613.14
MinimumVisualStudioVersion = 10.0.40219.1
Project("{FAE04EC0-301F-11D3-BF4B-00C04F79EFBC}") = "SeleniumDemo2", "SeleniumDemo2\SeleniumDemo2.csproj", "{277ACBFA-76C0-493C-8781-D2103297C6F3}"
EndProject
Global
	GlobalSection(SolutionConfigurationPlatforms) = preSolution
		Debug|Any CPU = Debug|Any CPU
		Release|Any CPU = Release|Any CPU
	EndGlobalSection
	GlobalSection(ProjectConfigurationPlatforms) = postSolution
		{277ACBFA-76C0-493C-8781-D2103297C6F3}.Debug|Any CPU.ActiveCfg = Debug|Any CPU
		{277ACBFA-76C0-493C-8781-D2103297C6F3}.Debug|Any CPU.Build.0 = Debug|Any CPU
		{277ACBFA-76C0-493C-8781-D2103297C6F3}.Release|Any CPU.ActiveCfg = Release|Any CPU
		{277ACBFA-76C0-493C-8781-D2103297C6F3}.Release|Any CPU.Build.0 = Release|Any CPU
	EndGlobalSection
	GlobalSection(SolutionProperties) = preSolution
		HideSolutionNode = FALSE
	EndGlobalSection
	GlobalSection(ExtensibilityGlobals) = postSolution
		SolutionGuid = {7074BF83-B8DE-4107-B2D8-846F3AF38C66}
	EndGlobalSection
EndGlobal
